
Microsoft Visual Studio Solution File, Format Version 12.00
# Visual Studio Version 17
VisualStudioVersion = 17.2.32602.215
MinimumVisualStudioVersion = 10.0.40219.1
Project("{FAE04EC0-301F-11D3-BF4B-00C04F79EFBC}") = "pet-store", "pet-store\pet-store.csproj", "{0801A4B3-E702-40CB-8089-81328389E801}"
EndProject
Global
	GlobalSection(SolutionConfigurationPlatforms) = preSolution
		Debug|Any CPU = Debug|Any CPU
		Release|Any CPU = Release|Any CPU
	EndGlobalSection
	GlobalSection(ProjectConfigurationPlatforms) = postSolution
		{0801A4B3-E702-40CB-8089-81328389E801}.Debug|Any CPU.ActiveCfg = Debug|Any CPU
		{0801A4B3-E702-40CB-8089-81328389E801}.Debug|Any CPU.Build.0 = Debug|Any CPU
		{0801A4B3-E702-40CB-8089-81328389E801}.Release|Any CPU.ActiveCfg = Release|Any CPU
		{0801A4B3-E702-40CB-8089-81328389E801}.Release|Any CPU.Build.0 = Release|Any CPU
	EndGlobalSection
	GlobalSection(SolutionProperties) = preSolution
		HideSolutionNode = FALSE
	EndGlobalSection
	GlobalSection(ExtensibilityGlobals) = postSolution
		SolutionGuid = {531E0358-78F6-4DDB-AF98-1287F0467CD4}
	EndGlobalSection
EndGlobal
